
Microsoft Visual Studio Solution File, Format Version 12.00
# Visual Studio Version 16
VisualStudioVersion = 16.0.30717.126
MinimumVisualStudioVersion = 10.0.40219.1
Project("{FAE04EC0-301F-11D3-BF4B-00C04F79EFBC}") = "APIMiniProject", "APIMiniProject\APIMiniProject.csproj", "{0F712D2E-5060-403A-9B26-895C67FF91D6}"
EndProject
Global
	GlobalSection(SolutionConfigurationPlatforms) = preSolution
		Debug|Any CPU = Debug|Any CPU
		Release|Any CPU = Release|Any CPU
	EndGlobalSection
	GlobalSection(ProjectConfigurationPlatforms) = postSolution
		{0F712D2E-5060-403A-9B26-895C67FF91D6}.Debug|Any CPU.ActiveCfg = Debug|Any CPU
		{0F712D2E-5060-403A-9B26-895C67FF91D6}.Debug|Any CPU.Build.0 = Debug|Any CPU
		{0F712D2E-5060-403A-9B26-895C67FF91D6}.Release|Any CPU.ActiveCfg = Release|Any CPU
		{0F712D2E-5060-403A-9B26-895C67FF91D6}.Release|Any CPU.Build.0 = Release|Any CPU
	EndGlobalSection
	GlobalSection(SolutionProperties) = preSolution
		HideSolutionNode = FALSE
	EndGlobalSection
	GlobalSection(ExtensibilityGlobals) = postSolution
		SolutionGuid = {92DB5EB7-0E5D-4BDF-90B2-C4BE6CE3ABB2}
	EndGlobalSection
EndGlobal
